
Microsoft Visual Studio Solution File, Format Version 12.00
# Visual Studio Version 17
VisualStudioVersion = 17.7.34031.279
MinimumVisualStudioVersion = 10.0.40219.1
Project("{9A19103F-16F7-4668-BE54-9A1E7A4F7556}") = "ArgSharpCLI", "src\ArgSharpCLI\ArgSharpCLI.csproj", "{4AA1D3B8-C83D-427D-AB40-DE3786152E61}"
EndProject
Project("{9A19103F-16F7-4668-BE54-9A1E7A4F7556}") = "ArgSharpCLI.Tests", "src\ArgSharpCLI.Tests\ArgSharpCLI.Tests.csproj", "{C02D1E32-2F2E-44B7-9793-55034049BD94}"
EndProject
Project("{2150E333-8FDC-42A3-9474-1A3956D46DE8}") = "Solution Items", "Solution Items", "{82511964-B3DF-41C5-A868-FFDF1581C516}"
	ProjectSection(SolutionItems) = preProject
		Directory.Packages.props = Directory.Packages.props
	EndProjectSection
EndProject
Project("{9A19103F-16F7-4668-BE54-9A1E7A4F7556}") = "ArgSharpCLI.Benchmark", "src\ArgSharpCLI.Benchmark\ArgSharpCLI.Benchmark.csproj", "{0661465A-5512-49EC-8888-7A129ABA99EC}"
EndProject
Global
	GlobalSection(SolutionConfigurationPlatforms) = preSolution
		Debug|Any CPU = Debug|Any CPU
		Release|Any CPU = Release|Any CPU
	EndGlobalSection
	GlobalSection(ProjectConfigurationPlatforms) = postSolution
		{4AA1D3B8-C83D-427D-AB40-DE3786152E61}.Debug|Any CPU.ActiveCfg = Debug|Any CPU
		{4AA1D3B8-C83D-427D-AB40-DE3786152E61}.Debug|Any CPU.Build.0 = Debug|Any CPU
		{4AA1D3B8-C83D-427D-AB40-DE3786152E61}.Release|Any CPU.ActiveCfg = Release|Any CPU
		{4AA1D3B8-C83D-427D-AB40-DE3786152E61}.Release|Any CPU.Build.0 = Release|Any CPU
		{C02D1E32-2F2E-44B7-9793-55034049BD94}.Debug|Any CPU.ActiveCfg = Debug|Any CPU
		{C02D1E32-2F2E-44B7-9793-55034049BD94}.Debug|Any CPU.Build.0 = Debug|Any CPU
		{C02D1E32-2F2E-44B7-9793-55034049BD94}.Release|Any CPU.ActiveCfg = Release|Any CPU
		{C02D1E32-2F2E-44B7-9793-55034049BD94}.Release|Any CPU.Build.0 = Release|Any CPU
		{0661465A-5512-49EC-8888-7A129ABA99EC}.Debug|Any CPU.ActiveCfg = Debug|Any CPU
		{0661465A-5512-49EC-8888-7A129ABA99EC}.Debug|Any CPU.Build.0 = Debug|Any CPU
		{0661465A-5512-49EC-8888-7A129ABA99EC}.Release|Any CPU.ActiveCfg = Release|Any CPU
		{0661465A-5512-49EC-8888-7A129ABA99EC}.Release|Any CPU.Build.0 = Release|Any CPU
	EndGlobalSection
	GlobalSection(SolutionProperties) = preSolution
		HideSolutionNode = FALSE
	EndGlobalSection
	GlobalSection(ExtensibilityGlobals) = postSolution
		SolutionGuid = {C74CC88F-EB5D-43D6-8220-494FFFF0498D}
	EndGlobalSection
EndGlobal
